
Microsoft Visual Studio Solution File, Format Version 12.00
# Visual Studio Version 17
VisualStudioVersion = 17.3.32922.545
MinimumVisualStudioVersion = 10.0.40219.1
Project("{FAE04EC0-301F-11D3-BF4B-00C04F79EFBC}") = "Obrasci_strukture_DZ5", "Obrasci_strukture_DZ5\Obrasci_strukture_DZ5.csproj", "{895174F6-E175-4136-ADBA-9C0C20CC15FA}"
EndProject
Global
	GlobalSection(SolutionConfigurationPlatforms) = preSolution
		Debug|Any CPU = Debug|Any CPU
		Release|Any CPU = Release|Any CPU
	EndGlobalSection
	GlobalSection(ProjectConfigurationPlatforms) = postSolution
		{895174F6-E175-4136-ADBA-9C0C20CC15FA}.Debug|Any CPU.ActiveCfg = Debug|Any CPU
		{895174F6-E175-4136-ADBA-9C0C20CC15FA}.Debug|Any CPU.Build.0 = Debug|Any CPU
		{895174F6-E175-4136-ADBA-9C0C20CC15FA}.Release|Any CPU.ActiveCfg = Release|Any CPU
		{895174F6-E175-4136-ADBA-9C0C20CC15FA}.Release|Any CPU.Build.0 = Release|Any CPU
	EndGlobalSection
	GlobalSection(SolutionProperties) = preSolution
		HideSolutionNode = FALSE
	EndGlobalSection
	GlobalSection(ExtensibilityGlobals) = postSolution
		SolutionGuid = {9A98FCF2-2CB0-4285-B595-AB59E56E851A}
	EndGlobalSection
EndGlobal
